[[package]]
name = "pygame"
version = "2.1.2"
description = "Python Game Development"
category = "dev"
optional = false
python-versions = ">=3.6"

[metadata]
lock-version = "1.1"
python-versions = "^3.6"
content-hash = "6c0bd7f7c2b61e2a7dc0d34b9bbe1f5b6a017e6f883308d33cf51c7b357672d9"

[metadata.files]
pygame = []
